
Microsoft Visual Studio Solution File, Format Version 12.00
# Visual Studio Version 16
VisualStudioVersion = 16.0.31515.178
MinimumVisualStudioVersion = 10.0.40219.1
Project("{9A19103F-16F7-4668-BE54-9A1E7A4F7556}") = "CovidSG.App", "CovidSG.App\CovidSG.App.csproj", "{7A87F1FA-1CA7-4765-BDD2-38557896F891}"
EndProject
Project("{9A19103F-16F7-4668-BE54-9A1E7A4F7556}") = "TableApi", "TableApi\TableApi.csproj", "{F2F50BC7-303C-4376-8A82-BF32D7DB415B}"
EndProject
Global
	GlobalSection(SolutionConfigurationPlatforms) = preSolution
		Debug|Any CPU = Debug|Any CPU
		Release|Any CPU = Release|Any CPU
	EndGlobalSection
	GlobalSection(ProjectConfigurationPlatforms) = postSolution
		{7A87F1FA-1CA7-4765-BDD2-38557896F891}.Debug|Any CPU.ActiveCfg = Debug|Any CPU
		{7A87F1FA-1CA7-4765-BDD2-38557896F891}.Debug|Any CPU.Build.0 = Debug|Any CPU
		{7A87F1FA-1CA7-4765-BDD2-38557896F891}.Release|Any CPU.ActiveCfg = Release|Any CPU
		{7A87F1FA-1CA7-4765-BDD2-38557896F891}.Release|Any CPU.Build.0 = Release|Any CPU
		{F2F50BC7-303C-4376-8A82-BF32D7DB415B}.Debug|Any CPU.ActiveCfg = Debug|Any CPU
		{F2F50BC7-303C-4376-8A82-BF32D7DB415B}.Debug|Any CPU.Build.0 = Debug|Any CPU
		{F2F50BC7-303C-4376-8A82-BF32D7DB415B}.Release|Any CPU.ActiveCfg = Release|Any CPU
		{F2F50BC7-303C-4376-8A82-BF32D7DB415B}.Release|Any CPU.Build.0 = Release|Any CPU
	EndGlobalSection
	GlobalSection(SolutionProperties) = preSolution
		HideSolutionNode = FALSE
	EndGlobalSection
	GlobalSection(ExtensibilityGlobals) = postSolution
		SolutionGuid = {A23FB6FD-2995-42D5-A702-0A83163210E3}
	EndGlobalSection
EndGlobal
